
Microsoft Visual Studio Solution File, Format Version 12.00
Project("{FAE04EC0-301F-11D3-BF4B-00C04F79EFBC}") = "BlazorPokemonCardExplorer", "BlazorPokemonCardExplorer\BlazorPokemonCardExplorer.csproj", "{72A781D2-761A-4395-B602-3A92050C611A}"
EndProject
Global
	GlobalSection(SolutionConfigurationPlatforms) = preSolution
		Debug|Any CPU = Debug|Any CPU
		Release|Any CPU = Release|Any CPU
	EndGlobalSection
	GlobalSection(ProjectConfigurationPlatforms) = postSolution
		{72A781D2-761A-4395-B602-3A92050C611A}.Debug|Any CPU.ActiveCfg = Debug|Any CPU
		{72A781D2-761A-4395-B602-3A92050C611A}.Debug|Any CPU.Build.0 = Debug|Any CPU
		{72A781D2-761A-4395-B602-3A92050C611A}.Release|Any CPU.ActiveCfg = Release|Any CPU
		{72A781D2-761A-4395-B602-3A92050C611A}.Release|Any CPU.Build.0 = Release|Any CPU
	EndGlobalSection
EndGlobal
